
Microsoft Visual Studio Solution File, Format Version 12.00
# Visual Studio Version 17
VisualStudioVersion = 17.13.35919.96
MinimumVisualStudioVersion = 10.0.40219.1
Project("{FAE04EC0-301F-11D3-BF4B-00C04F79EFBC}") = "MiniApps_Backend.API", "MiniApps_Backend.API\MiniApps_Backend.API.csproj", "{24C056CD-00BA-433C-96B7-3F0737C4B506}"
EndProject
Project("{FAE04EC0-301F-11D3-BF4B-00C04F79EFBC}") = "MiniApps_Backend.DataBase", "MiniApps_Backend.DataBase\MiniApps_Backend.DataBase.csproj", "{DAAAB7C3-5302-4A05-BDD5-92F331C97AAF}"
EndProject
Project("{FAE04EC0-301F-11D3-BF4B-00C04F79EFBC}") = "MiniApps_Backend.Business", "MiniApps_Backend.Business\MiniApps_Backend.Business.csproj", "{73979B5E-91DC-4FAA-81E2-F97C2BF2188A}"
EndProject
Project("{2150E333-8FDC-42A3-9474-1A3956D46DE8}") = "Solution Items", "Solution Items", "{02EA681E-C7D8-13C7-8484-4AC65E1B71E8}"
	ProjectSection(SolutionItems) = preProject
		.editorconfig = .editorconfig
	EndProjectSection
EndProject
Global
	GlobalSection(SolutionConfigurationPlatforms) = preSolution
		Debug|Any CPU = Debug|Any CPU
		Release|Any CPU = Release|Any CPU
	EndGlobalSection
	GlobalSection(ProjectConfigurationPlatforms) = postSolution
		{24C056CD-00BA-433C-96B7-3F0737C4B506}.Debug|Any CPU.ActiveCfg = Debug|Any CPU
		{24C056CD-00BA-433C-96B7-3F0737C4B506}.Debug|Any CPU.Build.0 = Debug|Any CPU
		{24C056CD-00BA-433C-96B7-3F0737C4B506}.Release|Any CPU.ActiveCfg = Release|Any CPU
		{24C056CD-00BA-433C-96B7-3F0737C4B506}.Release|Any CPU.Build.0 = Release|Any CPU
		{DAAAB7C3-5302-4A05-BDD5-92F331C97AAF}.Debug|Any CPU.ActiveCfg = Debug|Any CPU
		{DAAAB7C3-5302-4A05-BDD5-92F331C97AAF}.Debug|Any CPU.Build.0 = Debug|Any CPU
		{DAAAB7C3-5302-4A05-BDD5-92F331C97AAF}.Release|Any CPU.ActiveCfg = Release|Any CPU
		{DAAAB7C3-5302-4A05-BDD5-92F331C97AAF}.Release|Any CPU.Build.0 = Release|Any CPU
		{73979B5E-91DC-4FAA-81E2-F97C2BF2188A}.Debug|Any CPU.ActiveCfg = Debug|Any CPU
		{73979B5E-91DC-4FAA-81E2-F97C2BF2188A}.Debug|Any CPU.Build.0 = Debug|Any CPU
		{73979B5E-91DC-4FAA-81E2-F97C2BF2188A}.Release|Any CPU.ActiveCfg = Release|Any CPU
		{73979B5E-91DC-4FAA-81E2-F97C2BF2188A}.Release|Any CPU.Build.0 = Release|Any CPU
	EndGlobalSection
	GlobalSection(SolutionProperties) = preSolution
		HideSolutionNode = FALSE
	EndGlobalSection
	GlobalSection(ExtensibilityGlobals) = postSolution
		SolutionGuid = {6CA8720C-C2F0-4EF8-8392-1A43C20FB580}
	EndGlobalSection
EndGlobal
